
Microsoft Visual Studio Solution File, Format Version 12.00
# Visual Studio Version 17
VisualStudioVersion = 17.14.36408.4 d17.14
MinimumVisualStudioVersion = 10.0.40219.1
Project("{FAE04EC0-301F-11D3-BF4B-00C04F79EFBC}") = "PRG282_Project", "PRG282_Project\PRG282_Project.csproj", "{28647D71-BEC8-4DED-AF62-594CC58ABBCC}"
EndProject
Project("{FAE04EC0-301F-11D3-BF4B-00C04F79EFBC}") = "TestProject", "TestProject\TestProject.csproj", "{C04E86E3-12B9-486D-B3FE-69C191EE6499}"
EndProject
Global
	GlobalSection(SolutionConfigurationPlatforms) = preSolution
		Debug|Any CPU = Debug|Any CPU
		Release|Any CPU = Release|Any CPU
	EndGlobalSection
	GlobalSection(ProjectConfigurationPlatforms) = postSolution
		{28647D71-BEC8-4DED-AF62-594CC58ABBCC}.Debug|Any CPU.ActiveCfg = Debug|Any CPU
		{28647D71-BEC8-4DED-AF62-594CC58ABBCC}.Debug|Any CPU.Build.0 = Debug|Any CPU
		{28647D71-BEC8-4DED-AF62-594CC58ABBCC}.Release|Any CPU.ActiveCfg = Release|Any CPU
		{28647D71-BEC8-4DED-AF62-594CC58ABBCC}.Release|Any CPU.Build.0 = Release|Any CPU
		{C04E86E3-12B9-486D-B3FE-69C191EE6499}.Debug|Any CPU.ActiveCfg = Debug|Any CPU
		{C04E86E3-12B9-486D-B3FE-69C191EE6499}.Debug|Any CPU.Build.0 = Debug|Any CPU
		{C04E86E3-12B9-486D-B3FE-69C191EE6499}.Release|Any CPU.ActiveCfg = Release|Any CPU
		{C04E86E3-12B9-486D-B3FE-69C191EE6499}.Release|Any CPU.Build.0 = Release|Any CPU
	EndGlobalSection
	GlobalSection(SolutionProperties) = preSolution
		HideSolutionNode = FALSE
	EndGlobalSection
	GlobalSection(ExtensibilityGlobals) = postSolution
		SolutionGuid = {6458B832-B4C1-4463-9960-EEE1E9543C3B}
	EndGlobalSection
EndGlobal
